// !$*UTF8*$!
{
	archiveVersion = 1;
	classes = {
	};
	objectVersion = 46;
	objects = {

/* Begin PBXBuildFile section */
		3F5B28B51DC511BC002E031A /* AppDelegate.swift in Sources */ = {isa = PBXBuildFile; fileRef = 3F5B28B41DC511BC002E031A /* AppDelegate.swift */; };
		3F5B28B71DC511BC002E031A /* ViewController.swift in Sources */ = {isa = PBXBuildFile; fileRef = 3F5B28B61DC511BC002E031A /* ViewController.swift */; };
		3F5B28BA1DC511BC002E031A /* Main.storyboard in Resources */ = {isa = PBXBuildFile; fileRef = 3F5B28B81DC511BC002E031A /* Main.storyboard */; };
		3F5B28BC1DC511BC002E031A /* Assets.xcassets in Resources */ = {isa = PBXBuildFile; fileRef = 3F5B28BB1DC511BC002E031A /* Assets.xcassets */; };
		3F5B28BF1DC511BC002E031A /* LaunchScreen.storyboard in Resources */ = {isa = PBXBuildFile; fileRef = 3F5B28BD1DC511BC002E031A /* LaunchScreen.storyboard */; };
		3F5B28C71DC52A31002E031A /* AboutViewController.swift in Sources */ = {isa = PBXBuildFile; fileRef = 3F5B28C61DC52A31002E031A /* AboutViewController.swift */; };
/* End PBXBuildFile section */

/* Begin PBXFileReference section */
		3F5B28B11DC511BC002E031A /* EagleEye.app */ = {isa = PBXFileReference; explicitFileType = wrapper.application; includeInIndex = 0; path = EagleEye.app; sourceTree = BUILT_PRODUCTS_DIR; };
		3F5B28B41DC511BC002E031A /* AppDelegate.swift */ = {isa = PBXFileReference; lastKnownFileType = sourcecode.swift; path = AppDelegate.swift; sourceTree = "<group>"; };
		3F5B28B61DC511BC002E031A /* ViewController.swift */ = {isa = PBXFileReference; lastKnownFileType = sourcecode.swift; path = ViewController.swift; sourceTree = "<group>"; };
		3F5B28B91DC511BC002E031A /* Base */ = {isa = PBXFileReference; lastKnownFileType = file.storyboard; name = Base; path = Base.lproj/Main.storyboard; sourceTree = "<group>"; };
		3F5B28BB1DC511BC002E031A /* Assets.xcassets */ = {isa = PBXFileReference; lastKnownFileType = folder.assetcatalog; path = Assets.xcassets; sourceTree = "<group>"; };
		3F5B28BE1DC511BC002E031A /* Base */ = {isa = PBXFileReference; lastKnownFileType = file.storyboard; name = Base; path = Base.lproj/LaunchScreen.storyboard; sourceTree = "<group>"; };
		3F5B28C01DC511BC002E031A /* Info.plist */ = {isa = PBXFileReference; lastKnownFileType = text.plist.xml; path = Info.plist; sourceTree = "<group>"; };
		3F5B28C61DC52A31002E031A /* AboutViewController.swift */ = {isa = PBXFileReference; fileEncoding = 4; lastKnownFileType = sourcecode.swift; path = AboutViewController.swift; sourceTree = "<group>"; };
/* End PBXFileReference section */

/* Begin PBXFrameworksBuildPhase section */
		3F5B28AE1DC511BB002E031A /* Frameworks */ = {
			isa = PBXFrameworksBuildPhase;
			buildActionMask = 2147483647;
			files = (
			);
			runOnlyForDeploymentPostprocessing = 0;
		};
/* End PBXFrameworksBuildPhase section */

/* Begin PBXGroup section */
		3F5B28A81DC511BB002E031A = {
			isa = PBXGroup;
			children = (
				3F5B28B31DC511BC002E031A /* EagleEye */,
				3F5B28B21DC511BC002E031A /* Products */,
			);
			sourceTree = "<group>";
		};
		3F5B28B21DC511BC002E031A /* Products */ = {
			isa = PBXGroup;
			children = (
				3F5B28B11DC511BC002E031A /* EagleEye.app */,
			);
			name = Products;
			sourceTree = "<group>";
		};
		3F5B28B31DC511BC002E031A /* EagleEye */ = {
			isa = PBXGroup;
			children = (
				3F5B28B41DC511BC002E031A /* AppDelegate.swift */,
				3F5B28B61DC511BC002E031A /* ViewController.swift */,
				3F5B28C61DC52A31002E031A /* AboutViewController.swift */,
				3F5B28B81DC511BC002E031A /* Main.storyboard */,
				3F5B28BB1DC511BC002E031A /* Assets.xcassets */,
				3F5B28BD1DC511BC002E031A /* LaunchScreen.storyboard */,
				3F5B28C01DC511BC002E031A /* Info.plist */,
			);
			path = EagleEye;
			sourceTree = "<group>";
		};
/* End PBXGroup section */

/* Begin PBXNativeTarget section */
		3F5B28B01DC511BB002E031A /* EagleEye */ = {
			isa = PBXNativeTarget;
			buildConfigurationList = 3F5B28C31DC511BC002E031A /* Build configuration list for PBXNativeTarget "EagleEye" */;
			buildPhases = (
				3F5B28AD1DC511BB002E031A /* Sources */,
				3F5B28AE1DC511BB002E031A /* Frameworks */,
				3F5B28AF1DC511BB002E031A /* Resources */,
			);
			buildRules = (
			);
			dependencies = (
			);
			name = EagleEye;
			productName = EagleEye;
			productReference = 3F5B28B11DC511BC002E031A /* EagleEye.app */;
			productType = "com.apple.product-type.application";
		};
/* End PBXNativeTarget section */

/* Begin PBXProject section */
		3F5B28A91DC511BB002E031A /* Project object */ = {
			isa = PBXProject;
			attributes = {
				LastSwiftUpdateCheck = 0810;
				LastUpgradeCheck = 0810;
				ORGANIZATIONNAME = Vikram;
				TargetAttributes = {
					3F5B28B01DC511BB002E031A = {
						CreatedOnToolsVersion = 8.1;
						ProvisioningStyle = Automatic;
					};
				};
			};
			buildConfigurationList = 3F5B28AC1DC511BB002E031A /* Build configuration list for PBXProject "EagleEye" */;
			compatibilityVersion = "Xcode 3.2";
			developmentRegion = English;
			hasScannedForEncodings = 0;
			knownRegions = (
				en,
				Base,
			);
			mainGroup = 3F5B28A81DC511BB002E031A;
			productRefGroup = 3F5B28B21DC511BC002E031A /* Products */;
			projectDirPath = "";
			projectRoot = "";
			targets = (
				3F5B28B01DC511BB002E031A /* EagleEye */,
			);
		};
/* End PBXProject section */

/* Begin PBXResourcesBuildPhase section */
		3F5B28AF1DC511BB002E031A /* Resources */ = {
			isa = PBXResourcesBuildPhase;
			buildActionMask = 2147483647;
			files = (
				3F5B28BF1DC511BC002E031A /* LaunchScreen.storyboard in Resources */,
				3F5B28BC1DC511BC002E031A /* Assets.xcassets in Resources */,
				3F5B28BA1DC511BC002E031A /* Main.storyboard in Resources */,
			);
			runOnlyForDeploymentPostprocessing = 0;
		};
/* End PBXResourcesBuildPhase section */

/* Begin PBXSourcesBuildPhase section */
		3F5B28AD1DC511BB002E031A /* Sources */ = {
			isa = PBXSourcesBuildPhase;
			buildActionMask = 2147483647;
			files = (
				3F5B28C71DC52A31002E031A /* AboutViewController.swift in Sources */,
				3F5B28B71DC511BC002E031A /* ViewController.swift in Sources */,
				3F5B28B51DC511BC002E031A /* AppDelegate.swift in Sources */,
			);
			runOnlyForDeploymentPostprocessing = 0;
		};
/* End PBXSourcesBuildPhase section */

/* Begin PBXVariantGroup section */
		3F5B28B81DC511BC002E031A /* Main.storyboard */ = {
			isa = PBXVariantGroup;
			children = (
				3F5B28B91DC511BC002E031A /* Base */,
			);
			name = Main.storyboard;
			sourceTree = "<group>";
		};
		3F5B28BD1DC511BC002E031A /* LaunchScreen.storyboard */ = {
			isa = PBXVariantGroup;
			children = (
				3F5B28BE1DC511BC002E031A /* Base */,
			);
			name = LaunchScreen.storyboard;
			sourceTree = "<group>";
		};
/* End PBXVariantGroup section */

/* Begin XCBuildConfiguration section */
		3F5B28C11DC511BC002E031A /* Debug */ = {
			isa = XCBuildConfiguration;
			buildSettings = {
				ALWAYS_SEARCH_USER_PATHS = NO;
				CLANG_ANALYZER_NONNULL = YES;
				CLANG_CXX_LANGUAGE_STANDARD = "gnu++0x";
				CLANG_CXX_LIBRARY = "libc++";
				CLANG_ENABLE_MODULES = YES;
				CLANG_ENABLE_OBJC_ARC = YES;
				CLANG_WARN_BOOL_CONVERSION = YES;
				CLANG_WARN_CONSTANT_CONVERSION = YES;
				CLANG_WARN_DIRECT_OBJC_ISA_USAGE = YES_ERROR;
				CLANG_WARN_DOCUMENTATION_COMMENTS = YES;
				CLANG_WARN_EMPTY_BODY = YES;
				CLANG_WARN_ENUM_CONVERSION = YES;
				CLANG_WARN_INFINITE_RECURSION = YES;
				CLANG_WARN_INT_CONVERSION = YES;
				CLANG_WARN_OBJC_ROOT_CLASS = YES_ERROR;
				CLANG_WARN_SUSPICIOUS_MOVES = YES;
				CLANG_WARN_UNREACHABLE_CODE = YES;
				CLANG_WARN__DUPLICATE_METHOD_MATCH = YES;
				"CODE_SIGN_IDENTITY[sdk=iphoneos*]" = "iPhone Developer";
				COPY_PHASE_STRIP = NO;
				DEBUG_INFORMATION_FORMAT = dwarf;
				ENABLE_STRICT_OBJC_MSGSEND = YES;
				ENABLE_TESTABILITY = YES;
				GCC_C_LANGUAGE_STANDARD = gnu99;
				GCC_DYNAMIC_NO_PIC = NO;
				GCC_NO_COMMON_BLOCKS = YES;
				GCC_OPTIMIZATION_LEVEL = 0;
				GCC_PREPROCESSOR_DEFINITIONS = (
					"DEBUG=1",
					"$(inherited)",
				);
				GCC_WARN_64_TO_32_BIT_CONVERSION = YES;
				GCC_WARN_ABOUT_RETURN_TYPE = YES_ERROR;
				GCC_WARN_UNDECLARED_SELECTOR = YES;
				GCC_WARN_UNINITIALIZED_AUTOS = YES_AGGRESSIVE;
				GCC_WARN_UNUSED_FUNCTION = YES;
				GCC_WARN_UNUSED_VARIABLE = YES;
				IPHONEOS_DEPLOYMENT_TARGET = 10.1;
				MTL_ENABLE_DEBUG_INFO = YES;
				ONLY_ACTIVE_ARCH = YES;
				SDKROOT = iphoneos;
				SWIFT_ACTIVE_COMPILATION_CONDITIONS = DEBUG;
				SWIFT_OPTIMIZATION_LEVEL = "-Onone";
			};
			name = Debug;
		};
		3F5B28C21DC511BC002E031A /* Release */ = {
			isa = XCBuildConfiguration;
			buildSettings = {
				ALWAYS_SEARCH_USER_PATHS = NO;
				CLANG_ANALYZER_NONNULL = YES;
				CLANG_CXX_LANGUAGE_STANDARD = "gnu++0x";
				CLANG_CXX_LIBRARY = "libc++";
				CLANG_ENABLE_MODULES = YES;
				CLANG_ENABLE_OBJC_ARC = YES;
				CLANG_WARN_BOOL_CONVERSION = YES;
				CLANG_WARN_CONSTANT_CONVERSION = YES;
				CLANG_WARN_DIRECT_OBJC_ISA_USAGE = YES_ERROR;
				CLANG_WARN_DOCUMENTATION_COMMENTS = YES;
				CLANG_WARN_EMPTY_BODY = YES;
				CLANG_WARN_ENUM_CONVERSION = YES;
				CLANG_WARN_INFINITE_RECURSION = YES;
				CLANG_WARN_INT_CONVERSION = YES;
				CLANG_WARN_OBJC_ROOT_CLASS = YES_ERROR;
				CLANG_WARN_SUSPICIOUS_MOVES = YES;
				CLANG_WARN_UNREACHABLE_CODE = YES;
				CLANG_WARN__DUPLICATE_METHOD_MATCH = YES;
				"CODE_SIGN_IDENTITY[sdk=iphoneos*]" = "iPhone Developer";
				COPY_PHASE_STRIP = NO;
				DEBUG_INFORMATION_FORMAT = "dwarf-with-dsym";
				ENABLE_NS_ASSERTIONS = NO;
				ENABLE_STRICT_OBJC_MSGSEND = YES;
				GCC_C_LANGUAGE_STANDARD = gnu99;
				GCC_NO_COMMON_BLOCKS = YES;
				GCC_WARN_64_TO_32_BIT_CONVERSION = YES;
				GCC_WARN_ABOUT_RETURN_TYPE = YES_ERROR;
				GCC_WARN_UNDECLARED_SELECTOR = YES;
				GCC_WARN_UNINITIALIZED_AUTOS = YES_AGGRESSIVE;
				GCC_WARN_UNUSED_FUNCTION = YES;
				GCC_WARN_UNUSED_VARIABLE = YES;
				IPHONEOS_DEPLOYMENT_TARGET = 10.1;
				MTL_ENABLE_DEBUG_INFO = NO;
				SDKROOT = iphoneos;
				SWIFT_OPTIMIZATION_LEVEL = "-Owholemodule";
				VALIDATE_PRODUCT = YES;
			};
			name = Release;
		};
		3F5B28C41DC511BC002E031A /* Debug */ = {
			isa = XCBuildConfiguration;
			buildSettings = {
				ASSETCATALOG_COMPILER_APPICON_NAME = AppIcon;
				INFOPLIST_FILE = EagleEye/Info.plist;
				LD_RUNPATH_SEARCH_PATHS = "$(inherited) @executable_path/Frameworks";
				PRODUCT_BUNDLE_IDENTIFIER = com.vikram.EagleEye;
				PRODUCT_NAME = "$(TARGET_NAME)";
				SWIFT_VERSION = 3.0;
			};
			name = Debug;
		};
		3F5B28C51DC511BC002E031A /* Release */ = {
			isa = XCBuildConfiguration;
			buildSettings = {
				ASSETCATALOG_COMPILER_APPICON_NAME = AppIcon;
				INFOPLIST_FILE = EagleEye/Info.plist;
				LD_RUNPATH_SEARCH_PATHS = "$(inherited) @executable_path/Frameworks";
				PRODUCT_BUNDLE_IDENTIFIER = com.vikram.EagleEye;
				PRODUCT_NAME = "$(TARGET_NAME)";
				SWIFT_VERSION = 3.0;
			};
			name = Release;
		};
/* End XCBuildConfiguration section */

/* Begin XCConfigurationList section */
		3F5B28AC1DC511BB002E031A /* Build configuration list for PBXProject "EagleEye" */ = {
			isa = XCConfigurationList;
			buildConfigurations = (
				3F5B28C11DC511BC002E031A /* Debug */,
				3F5B28C21DC511BC002E031A /* Release */,
			);
			defaultConfigurationIsVisible = 0;
			defaultConfigurationName = Release;
		};
		3F5B28C31DC511BC002E031A /* Build configuration list for PBXNativeTarget "EagleEye" */ = {
			isa = XCConfigurationList;
			buildConfigurations = (
				3F5B28C41DC511BC002E031A /* Debug */,
				3F5B28C51DC511BC002E031A /* Release */,
			);
			defaultConfigurationIsVisible = 0;
		};
/* End XCConfigurationList section */
	};
	rootObject = 3F5B28A91DC511BB002E031A /* Project object */;
}
